{
    "version": 3,
    "terraform_version": "0.9.1",
    "serial": 31,
    "lineage": "48780fcb-2102-45e3-a14b-82fbc37b106c",
    "modules": [
        {
            "path": [
                "root"
            ],
            "outputs": {
                "app.0.ip": {
                    "sensitive": false,
                    "type": "string",
                    "value": "10.128.2.126"
                },
                "app.1.ip": {
                    "sensitive": false,
                    "type": "string",
                    "value": "10.128.2.125"
                },
                "bastion-host.0.ip": {
                    "sensitive": false,
                    "type": "string",
                    "value": "52.41.204.0"
                },
                "elb.hostname": {
                    "sensitive": false,
                    "type": "string",
                    "value": "AIC-test-example-elb-1526256334.us-west-2.elb.amazonaws.com"
                },
                "jenkins.0.ip": {
                    "sensitive": false,
                    "type": "string",
                    "value": "52.40.167.149"
                },
                "nat.ip": {
                    "sensitive": false,
                    "type": "string",
                    "value": "34.208.136.67"
                },
                "slave.0.ip": {
                    "sensitive": false,
                    "type": "string",
                    "value": "54.68.179.18"
                },
                "slave.1.ip": {
                    "sensitive": false,
                    "type": "string",
                    "value": "34.209.123.177"
                },
                "spinnaker.0.ip": {
                    "sensitive": false,
                    "type": "string",
                    "value": "34.209.158.116"
                }
            },
            "resources": {
                "aws_elb.app": {
                    "type": "aws_elb",
                    "depends_on": [
                        "aws_instance.app.*",
                        "aws_security_group.default",
                        "aws_security_group.web",
                        "aws_subnet.public"
                    ],
                    "primary": {
                        "id": "AIC-test-example-elb",
                        "attributes": {
                            "access_logs.#": "0",
                            "availability_zones.#": "1",
                            "availability_zones.2487133097": "us-west-2a",
                            "connection_draining": "false",
                            "connection_draining_timeout": "300",
                            "cross_zone_load_balancing": "true",
                            "dns_name": "AIC-test-example-elb-1526256334.us-west-2.elb.amazonaws.com",
                            "health_check.#": "1",
                            "health_check.0.healthy_threshold": "10",
                            "health_check.0.interval": "30",
                            "health_check.0.target": "TCP:80",
                            "health_check.0.timeout": "5",
                            "health_check.0.unhealthy_threshold": "2",
                            "id": "AIC-test-example-elb",
                            "idle_timeout": "60",
                            "instances.#": "2",
                            "instances.206028462": "i-06ab03f0884c65c75",
                            "instances.4001386507": "i-0da1861526676e3f1",
                            "internal": "false",
                            "listener.#": "1",
                            "listener.3057123346.instance_port": "80",
                            "listener.3057123346.instance_protocol": "http",
                            "listener.3057123346.lb_port": "80",
                            "listener.3057123346.lb_protocol": "http",
                            "listener.3057123346.ssl_certificate_id": "",
                            "name": "AIC-test-example-elb",
                            "security_groups.#": "2",
                            "security_groups.1936894425": "sg-e85bf093",
                            "security_groups.829355503": "sg-fb41ea80",
                            "source_security_group": "216436559932/AIC-example",
                            "source_security_group_id": "sg-fb41ea80",
                            "subnets.#": "1",
                            "subnets.2223311215": "subnet-3289147b",
                            "tags.%": "0",
                            "zone_id": "Z1H1FL5HABSF5"
                        },
                        "meta": {},
                        "tainted": false
                    },
                    "deposed": [],
                    "provider": ""
                },
                "aws_iam_instance_profile.base_iam_role_profile": {
                    "type": "aws_iam_instance_profile",
                    "depends_on": [
                        "aws_iam_role.base_iam_role"
                    ],
                    "primary": {
                        "id": "base_iam_role_profile",
                        "attributes": {
                            "arn": "arn:aws:iam::216436559932:instance-profile/base_iam_role_profile",
                            "id": "base_iam_role_profile",
                            "name": "base_iam_role_profile",
                            "path": "/",
                            "roles.#": "1",
                            "roles.3047723448": "base_iam_role",
                            "unique_id": "AIPAIPAHCOPRYAIO5WJ4K"
                        },
                        "meta": {},
                        "tainted": false
                    },
                    "deposed": [],
                    "provider": ""
                },
                "aws_iam_instance_profile.jenkins_instance_profile": {
                    "type": "aws_iam_instance_profile",
                    "depends_on": [
                        "aws_iam_role.jenkins_role"
                    ],
                    "primary": {
                        "id": "jenkins_profile",
                        "attributes": {
                            "arn": "arn:aws:iam::216436559932:instance-profile/jenkins_profile",
                            "id": "jenkins_profile",
                            "name": "jenkins_profile",
                            "path": "/",
                            "roles.#": "1",
                            "roles.2148350825": "jenkins_iam_role_name",
                            "unique_id": "AIPAJI3H2JR4HI42N2NGY"
                        },
                        "meta": {},
                        "tainted": false
                    },
                    "deposed": [],
                    "provider": ""
                },
                "aws_iam_instance_profile.properties_and_logging_instance_profile": {
                    "type": "aws_iam_instance_profile",
                    "depends_on": [
                        "aws_iam_role.properties_and_logging_role"
                    ],
                    "primary": {
                        "id": "properties_and_logging_profile",
                        "attributes": {
                            "arn": "arn:aws:iam::216436559932:instance-profile/properties_and_logging_profile",
                            "id": "properties_and_logging_profile",
                            "name": "properties_and_logging_profile",
                            "path": "/",
                            "roles.#": "1",
                            "roles.3443522795": "properties_and_logging_iam_role",
                            "unique_id": "AIPAJAFXCVXBEWZKKVFRM"
                        },
                        "meta": {},
                        "tainted": false
                    },
                    "deposed": [],
                    "provider": ""
                },
                "aws_iam_instance_profile.spinnaker_instance_profile": {
                    "type": "aws_iam_instance_profile",
                    "depends_on": [
                        "aws_iam_role.spinnaker_role"
                    ],
                    "primary": {
                        "id": "spinnaker_profile",
                        "attributes": {
                            "arn": "arn:aws:iam::216436559932:instance-profile/spinnaker_profile",
                            "id": "spinnaker_profile",
                            "name": "spinnaker_profile",
                            "path": "/",
                            "roles.#": "1",
                            "roles.1113623550": "spinnaker_iam_role",
                            "unique_id": "AIPAJ622VYSABNNEXLBSE"
                        },
                        "meta": {},
                        "tainted": false
                    },
                    "deposed": [],
                    "provider": ""
                },
                "aws_iam_role.base_iam_role": {
                    "type": "aws_iam_role",
                    "depends_on": [],
                    "primary": {
                        "id": "base_iam_role",
                        "attributes": {
                            "arn": "arn:aws:iam::216436559932:role/base_iam_role",
                            "assume_role_policy": "{\"Version\":\"2012-10-17\",\"Statement\":[{\"Sid\":\"\",\"Effect\":\"Allow\",\"Principal\":{\"Service\":\"ec2.amazonaws.com\"},\"Action\":\"sts:AssumeRole\"}]}",
                            "create_date": "2017-04-20T03:14:41Z",
                            "id": "base_iam_role",
                            "name": "base_iam_role",
                            "path": "/",
                            "unique_id": "AROAIEF2BSX3QF7BYVV4U"
                        },
                        "meta": {},
                        "tainted": false
                    },
                    "deposed": [],
                    "provider": ""
                },
                "aws_iam_role.jenkins_role": {
                    "type": "aws_iam_role",
                    "depends_on": [],
                    "primary": {
                        "id": "jenkins_iam_role_name",
                        "attributes": {
                            "arn": "arn:aws:iam::216436559932:role/jenkins_iam_role_name",
                            "assume_role_policy": "{\"Version\":\"2012-10-17\",\"Statement\":[{\"Sid\":\"\",\"Effect\":\"Allow\",\"Principal\":{\"Service\":\"ec2.amazonaws.com\"},\"Action\":\"sts:AssumeRole\"}]}",
                            "create_date": "2017-04-20T03:14:42Z",
                            "id": "jenkins_iam_role_name",
                            "name": "jenkins_iam_role_name",
                            "path": "/",
                            "unique_id": "AROAJGQX6DBQ45DCTUWHM"
                        },
                        "meta": {},
                        "tainted": false
                    },
                    "deposed": [],
                    "provider": ""
                },
                "aws_iam_role.mi_worker_role": {
                    "type": "aws_iam_role",
                    "depends_on": [],
                    "primary": {
                        "id": "AicQuboleClusterControl",
                        "attributes": {
                            "arn": "arn:aws:iam::216436559932:role/AicQuboleClusterControl",
                            "assume_role_policy": "{\"Version\":\"2012-10-17\",\"Statement\":[{\"Effect\":\"Allow\",\"Principal\":{\"Service\":\"ec2.amazonaws.com\"},\"Action\":\"sts:AssumeRole\"},{\"Effect\":\"Allow\",\"Principal\":{\"AWS\":\"arn:aws:iam::805246085872:root\"},\"Action\":\"sts:AssumeRole\",\"Condition\":{\"StringEquals\":{\"sts:ExternalId\":\"GU2DCODEMVRWCZTI\"}}}]}",
                            "create_date": "2017-04-20T03:14:42Z",
                            "id": "AicQuboleClusterControl",
                            "name": "AicQuboleClusterControl",
                            "path": "/",
                            "unique_id": "AROAID4JCI2LELXJEVQJC"
                        },
                        "meta": {},
                        "tainted": false
                    },
                    "deposed": [],
                    "provider": ""
                },
                "aws_iam_role.properties_and_logging_role": {
                    "type": "aws_iam_role",
                    "depends_on": [],
                    "primary": {
                        "id": "properties_and_logging_iam_role",
                        "attributes": {
                            "arn": "arn:aws:iam::216436559932:role/properties_and_logging_iam_role",
                            "assume_role_policy": "{\"Version\":\"2012-10-17\",\"Statement\":[{\"Sid\":\"\",\"Effect\":\"Allow\",\"Principal\":{\"Service\":\"ec2.amazonaws.com\"},\"Action\":\"sts:AssumeRole\"}]}",
                            "create_date": "2017-04-20T03:14:41Z",
                            "id": "properties_and_logging_iam_role",
                            "name": "properties_and_logging_iam_role",
                            "path": "/",
                            "unique_id": "AROAICTHGQQDF6KKOI6U4"
                        },
                        "meta": {},
                        "tainted": false
                    },
                    "deposed": [],
                    "provider": ""
                },
                "aws_iam_role.spinnaker_role": {
                    "type": "aws_iam_role",
                    "depends_on": [],
                    "primary": {
                        "id": "spinnaker_iam_role",
                        "attributes": {
                            "arn": "arn:aws:iam::216436559932:role/spinnaker_iam_role",
                            "assume_role_policy": "{\"Version\":\"2012-10-17\",\"Statement\":[{\"Sid\":\"\",\"Effect\":\"Allow\",\"Principal\":{\"Service\":\"ec2.amazonaws.com\"},\"Action\":\"sts:AssumeRole\"}]}",
                            "create_date": "2017-04-20T03:14:41Z",
                            "id": "spinnaker_iam_role",
                            "name": "spinnaker_iam_role",
                            "path": "/",
                            "unique_id": "AROAIKJLO7BHUQUSH37HY"
                        },
                        "meta": {},
                        "tainted": false
                    },
                    "deposed": [],
                    "provider": ""
                },
                "aws_iam_role_policy.jenkins_policy": {
                    "type": "aws_iam_role_policy",
                    "depends_on": [
                        "aws_iam_role.jenkins_role"
                    ],
                    "primary": {
                        "id": "jenkins_iam_role_name:jenkins_policy",
                        "attributes": {
                            "id": "jenkins_iam_role_name:jenkins_policy",
                            "name": "jenkins_policy",
                            "policy": "{\n  \"Version\": \"2012-10-17\",\n  \"Statement\": [\n    {\n      \"Effect\": \"Allow\",\n      \"NotAction\": \"iam:*\",\n      \"Resource\": \"*\"\n    }\n  ]\n}\n",
                            "role": "jenkins_iam_role_name"
                        },
                        "meta": {},
                        "tainted": false
                    },
                    "deposed": [],
                    "provider": ""
                },
                "aws_iam_role_policy.spinnaker_admin_policy": {
                    "type": "aws_iam_role_policy",
                    "depends_on": [
                        "aws_iam_role.spinnaker_role"
                    ],
                    "primary": {
                        "id": "spinnaker_iam_role:spinnaker_admin_policy",
                        "attributes": {
                            "id": "spinnaker_iam_role:spinnaker_admin_policy",
                            "name": "spinnaker_admin_policy",
                            "policy": "{\n  \"Version\": \"2012-10-17\",\n  \"Statement\": [\n    {\n      \"Effect\": \"Allow\",\n      \"Action\": \"*\",\n      \"Resource\": \"*\"\n    }\n  ]\n}\n",
                            "role": "spinnaker_iam_role"
                        },
                        "meta": {},
                        "tainted": false
                    },
                    "deposed": [],
                    "provider": ""
                },
                "aws_iam_role_policy.tagging_policy": {
                    "type": "aws_iam_role_policy",
                    "depends_on": [
                        "aws_iam_role.properties_and_logging_role"
                    ],
                    "primary": {
                        "id": "properties_and_logging_iam_role:tagging_policy",
                        "attributes": {
                            "id": "properties_and_logging_iam_role:tagging_policy",
                            "name": "tagging_policy",
                            "policy": "{\n  \"Version\": \"2012-10-17\",\n  \"Statement\": [\n    {\n      \"Sid\": \"Stmt1394163459000\",\n      \"Effect\": \"Allow\",\n      \"Action\": [\n        \"ec2:CreateTags\",\n        \"ec2:DescribeImages\",\n        \"ec2:DescribeTags\"\n      ],\n      \"Resource\":\"*\"\n    }\n  ]\n}\n",
                            "role": "properties_and_logging_iam_role"
                        },
                        "meta": {},
                        "tainted": false
                    },
                    "deposed": [],
                    "provider": ""
                },
                "aws_iam_user.spinnaker": {
                    "type": "aws_iam_user",
                    "depends_on": [],
                    "primary": {
                        "id": "spinnaker",
                        "attributes": {
                            "arn": "arn:aws:iam::216436559932:user/system/spinnaker",
                            "force_destroy": "false",
                            "id": "spinnaker",
                            "name": "spinnaker",
                            "path": "/system/",
                            "unique_id": "AIDAJKFRMX6ZF7M36JBCM"
                        },
                        "meta": {},
                        "tainted": false
                    },
                    "deposed": [],
                    "provider": ""
                },
                "aws_iam_user_policy.spinnaker": {
                    "type": "aws_iam_user_policy",
                    "depends_on": [
                        "aws_iam_user.spinnaker"
                    ],
                    "primary": {
                        "id": "spinnaker:spinnaker",
                        "attributes": {
                            "id": "spinnaker:spinnaker",
                            "name": "spinnaker",
                            "policy": "{\n  \"Version\": \"2012-10-17\",\n  \"Statement\": [\n    {\n      \"Effect\": \"Allow\",\n      \"NotAction\": \"iam:*\",\n      \"Resource\": \"*\"\n    }\n  ]\n}\n",
                            "user": "spinnaker"
                        },
                        "meta": {},
                        "tainted": false
                    },
                    "deposed": [],
                    "provider": ""
                },
                "aws_instance.app.0": {
                    "type": "aws_instance",
                    "depends_on": [
                        "aws_key_pair.deployer",
                        "aws_security_group.default",
                        "aws_subnet.private"
                    ],
                    "primary": {
                        "id": "i-0da1861526676e3f1",
                        "attributes": {
                            "ami": "ami-f173cc91",
                            "associate_public_ip_address": "false",
                            "availability_zone": "us-west-2a",
                            "disable_api_termination": "false",
                            "ebs_block_device.#": "0",
                            "ebs_optimized": "false",
                            "ephemeral_block_device.#": "0",
                            "iam_instance_profile": "",
                            "id": "i-0da1861526676e3f1",
                            "instance_state": "running",
                            "instance_type": "t2.micro",
                            "ipv6_address_count": "0",
                            "ipv6_addresses.#": "0",
                            "key_name": "AIC-deployer-key",
                            "monitoring": "false",
                            "network_interface_id": "eni-8b6942b1",
                            "private_dns": "ip-10-128-2-126.us-west-2.compute.internal",
                            "private_ip": "10.128.2.126",
                            "public_dns": "",
                            "public_ip": "",
                            "root_block_device.#": "1",
                            "root_block_device.0.delete_on_termination": "true",
                            "root_block_device.0.iops": "100",
                            "root_block_device.0.volume_size": "8",
                            "root_block_device.0.volume_type": "gp2",
                            "security_groups.#": "0",
                            "source_dest_check": "false",
                            "subnet_id": "subnet-4689140f",
                            "tags.%": "1",
                            "tags.Name": "AIC-test-example-app-0",
                            "tenancy": "default",
                            "vpc_security_group_ids.#": "1",
                            "vpc_security_group_ids.829355503": "sg-fb41ea80"
                        },
                        "meta": {
                            "schema_version": "1"
                        },
                        "tainted": false
                    },
                    "deposed": [],
                    "provider": ""
                },
                "aws_instance.app.1": {
                    "type": "aws_instance",
                    "depends_on": [
                        "aws_key_pair.deployer",
                        "aws_security_group.default",
                        "aws_subnet.private"
                    ],
                    "primary": {
                        "id": "i-06ab03f0884c65c75",
                        "attributes": {
                            "ami": "ami-f173cc91",
                            "associate_public_ip_address": "false",
                            "availability_zone": "us-west-2a",
                            "disable_api_termination": "false",
                            "ebs_block_device.#": "0",
                            "ebs_optimized": "false",
                            "ephemeral_block_device.#": "0",
                            "iam_instance_profile": "",
                            "id": "i-06ab03f0884c65c75",
                            "instance_state": "running",
                            "instance_type": "t2.micro",
                            "ipv6_address_count": "0",
                            "ipv6_addresses.#": "0",
                            "key_name": "AIC-deployer-key",
                            "monitoring": "false",
                            "network_interface_id": "eni-22684318",
                            "private_dns": "ip-10-128-2-125.us-west-2.compute.internal",
                            "private_ip": "10.128.2.125",
                            "public_dns": "",
                            "public_ip": "",
                            "root_block_device.#": "1",
                            "root_block_device.0.delete_on_termination": "true",
                            "root_block_device.0.iops": "100",
                            "root_block_device.0.volume_size": "8",
                            "root_block_device.0.volume_type": "gp2",
                            "security_groups.#": "0",
                            "source_dest_check": "false",
                            "subnet_id": "subnet-4689140f",
                            "tags.%": "1",
                            "tags.Name": "AIC-test-example-app-1",
                            "tenancy": "default",
                            "vpc_security_group_ids.#": "1",
                            "vpc_security_group_ids.829355503": "sg-fb41ea80"
                        },
                        "meta": {
                            "schema_version": "1"
                        },
                        "tainted": false
                    },
                    "deposed": [],
                    "provider": ""
                },
                "aws_instance.bastion-host": {
                    "type": "aws_instance",
                    "depends_on": [
                        "aws_key_pair.deployer",
                        "aws_security_group.default",
                        "aws_subnet.public"
                    ],
                    "primary": {
                        "id": "i-0f7f17ec9c0c1cbe7",
                        "attributes": {
                            "ami": "ami-f173cc91",
                            "associate_public_ip_address": "true",
                            "availability_zone": "us-west-2a",
                            "disable_api_termination": "false",
                            "ebs_block_device.#": "0",
                            "ebs_optimized": "false",
                            "ephemeral_block_device.#": "0",
                            "iam_instance_profile": "",
                            "id": "i-0f7f17ec9c0c1cbe7",
                            "instance_state": "running",
                            "instance_type": "t2.micro",
                            "ipv6_address_count": "0",
                            "ipv6_addresses.#": "0",
                            "key_name": "AIC-deployer-key",
                            "monitoring": "false",
                            "network_interface_id": "eni-8a6942b0",
                            "private_dns": "ip-10-128-1-145.us-west-2.compute.internal",
                            "private_ip": "10.128.1.145",
                            "public_dns": "ec2-52-41-204-0.us-west-2.compute.amazonaws.com",
                            "public_ip": "52.41.204.0",
                            "root_block_device.#": "1",
                            "root_block_device.0.delete_on_termination": "true",
                            "root_block_device.0.iops": "100",
                            "root_block_device.0.volume_size": "8",
                            "root_block_device.0.volume_type": "gp2",
                            "security_groups.#": "0",
                            "source_dest_check": "false",
                            "subnet_id": "subnet-3289147b",
                            "tags.%": "1",
                            "tags.Name": "Bastion-Host-example-app-0",
                            "tenancy": "default",
                            "vpc_security_group_ids.#": "1",
                            "vpc_security_group_ids.829355503": "sg-fb41ea80"
                        },
                        "meta": {
                            "schema_version": "1"
                        },
                        "tainted": false
                    },
                    "deposed": [],
                    "provider": ""
                },
                "aws_instance.jenkins": {
                    "type": "aws_instance",
                    "depends_on": [
                        "aws_iam_instance_profile.jenkins_instance_profile",
                        "aws_key_pair.deployer",
                        "aws_security_group.default",
                        "aws_subnet.public"
                    ],
                    "primary": {
                        "id": "i-037cf10cd3671db45",
                        "attributes": {
                            "ami": "ami-f173cc91",
                            "associate_public_ip_address": "true",
                            "availability_zone": "us-west-2a",
                            "disable_api_termination": "false",
                            "ebs_block_device.#": "0",
                            "ebs_optimized": "false",
                            "ephemeral_block_device.#": "0",
                            "iam_instance_profile": "jenkins_profile",
                            "id": "i-037cf10cd3671db45",
                            "instance_state": "running",
                            "instance_type": "t2.micro",
                            "ipv6_address_count": "0",
                            "ipv6_addresses.#": "0",
                            "key_name": "AIC-deployer-key",
                            "monitoring": "false",
                            "network_interface_id": "eni-3697bf0c",
                            "private_dns": "ip-10-128-1-195.us-west-2.compute.internal",
                            "private_ip": "10.128.1.195",
                            "public_dns": "ec2-52-40-167-149.us-west-2.compute.amazonaws.com",
                            "public_ip": "52.40.167.149",
                            "root_block_device.#": "1",
                            "root_block_device.0.delete_on_termination": "true",
                            "root_block_device.0.iops": "100",
                            "root_block_device.0.volume_size": "8",
                            "root_block_device.0.volume_type": "gp2",
                            "security_groups.#": "0",
                            "source_dest_check": "false",
                            "subnet_id": "subnet-3289147b",
                            "tags.%": "1",
                            "tags.Name": "Jenkins-Host-example-app-0",
                            "tenancy": "default",
                            "vpc_security_group_ids.#": "1",
                            "vpc_security_group_ids.829355503": "sg-fb41ea80"
                        },
                        "meta": {
                            "schema_version": "1"
                        },
                        "tainted": false
                    },
                    "deposed": [],
                    "provider": ""
                },
                "aws_instance.nat": {
                    "type": "aws_instance",
                    "depends_on": [
                        "aws_key_pair.deployer",
                        "aws_security_group.default",
                        "aws_security_group.nat",
                        "aws_subnet.public"
                    ],
                    "primary": {
                        "id": "i-0ccd98a146ff101ed",
                        "attributes": {
                            "ami": "ami-f173cc91",
                            "associate_public_ip_address": "true",
                            "availability_zone": "us-west-2a",
                            "disable_api_termination": "false",
                            "ebs_block_device.#": "0",
                            "ebs_optimized": "false",
                            "ephemeral_block_device.#": "0",
                            "iam_instance_profile": "",
                            "id": "i-0ccd98a146ff101ed",
                            "instance_state": "running",
                            "instance_type": "t2.micro",
                            "ipv6_address_count": "0",
                            "ipv6_addresses.#": "0",
                            "key_name": "AIC-deployer-key",
                            "monitoring": "false",
                            "network_interface_id": "eni-be96be84",
                            "private_dns": "ip-10-128-1-34.us-west-2.compute.internal",
                            "private_ip": "10.128.1.34",
                            "public_dns": "ec2-34-208-136-67.us-west-2.compute.amazonaws.com",
                            "public_ip": "34.208.136.67",
                            "root_block_device.#": "1",
                            "root_block_device.0.delete_on_termination": "true",
                            "root_block_device.0.iops": "100",
                            "root_block_device.0.volume_size": "8",
                            "root_block_device.0.volume_type": "gp2",
                            "security_groups.#": "0",
                            "source_dest_check": "false",
                            "subnet_id": "subnet-3289147b",
                            "tags.%": "1",
                            "tags.Name": "nat",
                            "tenancy": "default",
                            "vpc_security_group_ids.#": "2",
                            "vpc_security_group_ids.2068746560": "sg-1a44ef61",
                            "vpc_security_group_ids.829355503": "sg-fb41ea80"
                        },
                        "meta": {
                            "schema_version": "1"
                        },
                        "tainted": false
                    },
                    "deposed": [],
                    "provider": ""
                },
                "aws_instance.slave.0": {
                    "type": "aws_instance",
                    "depends_on": [
                        "aws_key_pair.deployer",
                        "aws_security_group.default",
                        "aws_subnet.public"
                    ],
                    "primary": {
                        "id": "i-0c4f54f5f7184b0b2",
                        "attributes": {
                            "ami": "ami-f173cc91",
                            "associate_public_ip_address": "true",
                            "availability_zone": "us-west-2a",
                            "disable_api_termination": "false",
                            "ebs_block_device.#": "0",
                            "ebs_optimized": "false",
                            "ephemeral_block_device.#": "0",
                            "iam_instance_profile": "",
                            "id": "i-0c4f54f5f7184b0b2",
                            "instance_state": "running",
                            "instance_type": "t2.micro",
                            "ipv6_address_count": "0",
                            "ipv6_addresses.#": "0",
                            "key_name": "AIC-deployer-key",
                            "monitoring": "false",
                            "network_interface_id": "eni-8d97bfb7",
                            "private_dns": "ip-10-128-1-18.us-west-2.compute.internal",
                            "private_ip": "10.128.1.18",
                            "public_dns": "ec2-54-68-179-18.us-west-2.compute.amazonaws.com",
                            "public_ip": "54.68.179.18",
                            "root_block_device.#": "1",
                            "root_block_device.0.delete_on_termination": "true",
                            "root_block_device.0.iops": "100",
                            "root_block_device.0.volume_size": "8",
                            "root_block_device.0.volume_type": "gp2",
                            "security_groups.#": "0",
                            "source_dest_check": "false",
                            "subnet_id": "subnet-3289147b",
                            "tags.%": "1",
                            "tags.Name": "Slave-test-example-app-0",
                            "tenancy": "default",
                            "vpc_security_group_ids.#": "1",
                            "vpc_security_group_ids.829355503": "sg-fb41ea80"
                        },
                        "meta": {
                            "schema_version": "1"
                        },
                        "tainted": false
                    },
                    "deposed": [],
                    "provider": ""
                },
                "aws_instance.slave.1": {
                    "type": "aws_instance",
                    "depends_on": [
                        "aws_key_pair.deployer",
                        "aws_security_group.default",
                        "aws_subnet.public"
                    ],
                    "primary": {
                        "id": "i-03ae2d774d61ae5d0",
                        "attributes": {
                            "ami": "ami-f173cc91",
                            "associate_public_ip_address": "true",
                            "availability_zone": "us-west-2a",
                            "disable_api_termination": "false",
                            "ebs_block_device.#": "0",
                            "ebs_optimized": "false",
                            "ephemeral_block_device.#": "0",
                            "iam_instance_profile": "",
                            "id": "i-03ae2d774d61ae5d0",
                            "instance_state": "running",
                            "instance_type": "t2.micro",
                            "ipv6_address_count": "0",
                            "ipv6_addresses.#": "0",
                            "key_name": "AIC-deployer-key",
                            "monitoring": "false",
                            "network_interface_id": "eni-d76b40ed",
                            "private_dns": "ip-10-128-1-181.us-west-2.compute.internal",
                            "private_ip": "10.128.1.181",
                            "public_dns": "ec2-34-209-123-177.us-west-2.compute.amazonaws.com",
                            "public_ip": "34.209.123.177",
                            "root_block_device.#": "1",
                            "root_block_device.0.delete_on_termination": "true",
                            "root_block_device.0.iops": "100",
                            "root_block_device.0.volume_size": "8",
                            "root_block_device.0.volume_type": "gp2",
                            "security_groups.#": "0",
                            "source_dest_check": "false",
                            "subnet_id": "subnet-3289147b",
                            "tags.%": "1",
                            "tags.Name": "Slave-test-example-app-1",
                            "tenancy": "default",
                            "vpc_security_group_ids.#": "1",
                            "vpc_security_group_ids.829355503": "sg-fb41ea80"
                        },
                        "meta": {
                            "schema_version": "1"
                        },
                        "tainted": false
                    },
                    "deposed": [],
                    "provider": ""
                },
                "aws_instance.spinnaker": {
                    "type": "aws_instance",
                    "depends_on": [
                        "aws_iam_instance_profile.spinnaker_instance_profile",
                        "aws_key_pair.deployer",
                        "aws_security_group.default",
                        "aws_subnet.public"
                    ],
                    "primary": {
                        "id": "i-070a78875aa39ee26",
                        "attributes": {
                            "ami": "ami-fc69ea9c",
                            "associate_public_ip_address": "true",
                            "availability_zone": "us-west-2a",
                            "disable_api_termination": "false",
                            "ebs_block_device.#": "0",
                            "ebs_optimized": "false",
                            "ephemeral_block_device.#": "0",
                            "iam_instance_profile": "spinnaker_profile",
                            "id": "i-070a78875aa39ee26",
                            "instance_state": "running",
                            "instance_type": "t2.micro",
                            "ipv6_address_count": "0",
                            "ipv6_addresses.#": "0",
                            "key_name": "AIC-deployer-key",
                            "monitoring": "false",
                            "network_interface_id": "eni-886942b2",
                            "private_dns": "ip-10-128-1-150.us-west-2.compute.internal",
                            "private_ip": "10.128.1.150",
                            "public_dns": "ec2-34-209-158-116.us-west-2.compute.amazonaws.com",
                            "public_ip": "34.209.158.116",
                            "root_block_device.#": "1",
                            "root_block_device.0.delete_on_termination": "true",
                            "root_block_device.0.iops": "100",
                            "root_block_device.0.volume_size": "10",
                            "root_block_device.0.volume_type": "gp2",
                            "security_groups.#": "0",
                            "source_dest_check": "false",
                            "subnet_id": "subnet-3289147b",
                            "tags.%": "1",
                            "tags.Name": "Spinnaker-Host-example-app-0",
                            "tenancy": "default",
                            "vpc_security_group_ids.#": "1",
                            "vpc_security_group_ids.829355503": "sg-fb41ea80"
                        },
                        "meta": {
                            "schema_version": "1"
                        },
                        "tainted": false
                    },
                    "deposed": [],
                    "provider": ""
                },
                "aws_internet_gateway.default": {
                    "type": "aws_internet_gateway",
                    "depends_on": [
                        "aws_vpc.default"
                    ],
                    "primary": {
                        "id": "igw-d823cebf",
                        "attributes": {
                            "id": "igw-d823cebf",
                            "tags.%": "0",
                            "vpc_id": "vpc-57537c30"
                        },
                        "meta": {},
                        "tainted": false
                    },
                    "deposed": [],
                    "provider": ""
                },
                "aws_key_pair.deployer": {
                    "type": "aws_key_pair",
                    "depends_on": [],
                    "primary": {
                        "id": "AIC-deployer-key",
                        "attributes": {
                            "fingerprint": "d0:68:2a:06:f9:cb:73:15:ed:29:68:ab:c9:a1:ab:95",
                            "id": "AIC-deployer-key",
                            "key_name": "AIC-deployer-key",
                            "public_key": "ssh-rsa AAAAB3NzaC1yc2EAAAADAQABAAABAQDDCxndwE8PHDz08DY8S+8UCX383anWTxY0lTsTsYqOG7e9tXL76k8G8T6RIlbisygt8+U/QDNW+4usYLHG47tkas/QbCphSB/sUfcsO/YMiy9ZseXMEb7Krb8Ab3W9INTboA766NG+YgCsdJBniaCASNQH/NFmmd7CvMO3pidiE8e/0SkCFE6EpBgNtG/dTSWgo8JRsova60EGsrJHnrM1anQlm1I8+rXJq8px+0mzF9yuZAk0pi/1jOusio4v9KEgKiyCtbDOnH0xo3wI8pBxzMFcsx7fdRpcCRAE74gqR2R+kF64Lj/qdpL3WRCsiLG+StIE5crX4GbrsAdLbxqr mnarang@mbp-003699"
                        },
                        "meta": {
                            "schema_version": "1"
                        },
                        "tainted": false
                    },
                    "deposed": [],
                    "provider": ""
                },
                "aws_route_table.private": {
                    "type": "aws_route_table",
                    "depends_on": [
                        "aws_instance.nat",
                        "aws_vpc.default"
                    ],
                    "primary": {
                        "id": "rtb-3906db5f",
                        "attributes": {
                            "id": "rtb-3906db5f",
                            "propagating_vgws.#": "0",
                            "route.#": "1",
                            "route.84637676.cidr_block": "0.0.0.0/0",
                            "route.84637676.egress_only_gateway_id": "",
                            "route.84637676.gateway_id": "",
                            "route.84637676.instance_id": "i-0ccd98a146ff101ed",
                            "route.84637676.ipv6_cidr_block": "",
                            "route.84637676.nat_gateway_id": "",
                            "route.84637676.network_interface_id": "",
                            "route.84637676.vpc_peering_connection_id": "",
                            "tags.%": "0",
                            "vpc_id": "vpc-57537c30"
                        },
                        "meta": {},
                        "tainted": false
                    },
                    "deposed": [],
                    "provider": ""
                },
                "aws_route_table.public": {
                    "type": "aws_route_table",
                    "depends_on": [
                        "aws_internet_gateway.default",
                        "aws_vpc.default"
                    ],
                    "primary": {
                        "id": "rtb-9604d9f0",
                        "attributes": {
                            "id": "rtb-9604d9f0",
                            "propagating_vgws.#": "0",
                            "route.#": "1",
                            "route.1292647101.cidr_block": "0.0.0.0/0",
                            "route.1292647101.egress_only_gateway_id": "",
                            "route.1292647101.gateway_id": "igw-d823cebf",
                            "route.1292647101.instance_id": "",
                            "route.1292647101.ipv6_cidr_block": "",
                            "route.1292647101.nat_gateway_id": "",
                            "route.1292647101.network_interface_id": "",
                            "route.1292647101.vpc_peering_connection_id": "",
                            "tags.%": "0",
                            "vpc_id": "vpc-57537c30"
                        },
                        "meta": {},
                        "tainted": false
                    },
                    "deposed": [],
                    "provider": ""
                },
                "aws_route_table_association.private": {
                    "type": "aws_route_table_association",
                    "depends_on": [
                        "aws_route_table.private",
                        "aws_subnet.private"
                    ],
                    "primary": {
                        "id": "rtbassoc-de925ba7",
                        "attributes": {
                            "id": "rtbassoc-de925ba7",
                            "route_table_id": "rtb-3906db5f",
                            "subnet_id": "subnet-4689140f"
                        },
                        "meta": {},
                        "tainted": false
                    },
                    "deposed": [],
                    "provider": ""
                },
                "aws_route_table_association.public": {
                    "type": "aws_route_table_association",
                    "depends_on": [
                        "aws_route_table.public",
                        "aws_subnet.public"
                    ],
                    "primary": {
                        "id": "rtbassoc-bd945dc4",
                        "attributes": {
                            "id": "rtbassoc-bd945dc4",
                            "route_table_id": "rtb-9604d9f0",
                            "subnet_id": "subnet-3289147b"
                        },
                        "meta": {},
                        "tainted": false
                    },
                    "deposed": [],
                    "provider": ""
                },
                "aws_security_group.adm_bastion": {
                    "type": "aws_security_group",
                    "depends_on": [
                        "aws_vpc.default"
                    ],
                    "primary": {
                        "id": "sg-9246ede9",
                        "attributes": {
                            "description": "Bastion Host SG",
                            "egress.#": "0",
                            "id": "sg-9246ede9",
                            "ingress.#": "0",
                            "name": "ADM_BASTION",
                            "owner_id": "216436559932",
                            "tags.%": "1",
                            "tags.Name": "ADM_BASTION",
                            "vpc_id": "vpc-57537c30"
                        },
                        "meta": {},
                        "tainted": false
                    },
                    "deposed": [],
                    "provider": ""
                },
                "aws_security_group.default": {
                    "type": "aws_security_group",
                    "depends_on": [
                        "aws_vpc.default"
                    ],
                    "primary": {
                        "id": "sg-fb41ea80",
                        "attributes": {
                            "description": "Default security group that allows inbound and outbound traffic from all instances in the VPC",
                            "egress.#": "1",
                            "egress.753360330.cidr_blocks.#": "0",
                            "egress.753360330.from_port": "0",
                            "egress.753360330.ipv6_cidr_blocks.#": "0",
                            "egress.753360330.prefix_list_ids.#": "0",
                            "egress.753360330.protocol": "-1",
                            "egress.753360330.security_groups.#": "0",
                            "egress.753360330.self": "true",
                            "egress.753360330.to_port": "0",
                            "id": "sg-fb41ea80",
                            "ingress.#": "1",
                            "ingress.753360330.cidr_blocks.#": "0",
                            "ingress.753360330.from_port": "0",
                            "ingress.753360330.ipv6_cidr_blocks.#": "0",
                            "ingress.753360330.protocol": "-1",
                            "ingress.753360330.security_groups.#": "0",
                            "ingress.753360330.self": "true",
                            "ingress.753360330.to_port": "0",
                            "name": "AIC-example",
                            "owner_id": "216436559932",
                            "tags.%": "1",
                            "tags.Name": "AIC-default-vpc",
                            "vpc_id": "vpc-57537c30"
                        },
                        "meta": {},
                        "tainted": false
                    },
                    "deposed": [],
                    "provider": ""
                },
                "aws_security_group.infra_jenkins": {
                    "type": "aws_security_group",
                    "depends_on": [
                        "aws_security_group.infra_spinnaker",
                        "aws_vpc.default"
                    ],
                    "primary": {
                        "id": "sg-e05af19b",
                        "attributes": {
                            "description": "Jenkins Security group for vpc-57537c30",
                            "egress.#": "0",
                            "id": "sg-e05af19b",
                            "ingress.#": "2",
                            "ingress.332570261.cidr_blocks.#": "1",
                            "ingress.332570261.cidr_blocks.0": "0.0.0.0/0",
                            "ingress.332570261.from_port": "8000",
                            "ingress.332570261.ipv6_cidr_blocks.#": "0",
                            "ingress.332570261.protocol": "tcp",
                            "ingress.332570261.security_groups.#": "0",
                            "ingress.332570261.self": "false",
                            "ingress.332570261.to_port": "8000",
                            "ingress.3673424462.cidr_blocks.#": "0",
                            "ingress.3673424462.from_port": "80",
                            "ingress.3673424462.ipv6_cidr_blocks.#": "0",
                            "ingress.3673424462.protocol": "tcp",
                            "ingress.3673424462.security_groups.#": "1",
                            "ingress.3673424462.security_groups.739352229": "sg-ee40eb95",
                            "ingress.3673424462.self": "false",
                            "ingress.3673424462.to_port": "80",
                            "name": "INFRA_JENKINS",
                            "owner_id": "216436559932",
                            "tags.%": "5",
                            "tags.Name": "INFRA_JENKINS",
                            "tags.allocated": "false",
                            "tags.allocated_on": "none",
                            "tags.application": "none",
                            "tags.owner": "none",
                            "vpc_id": "vpc-57537c30"
                        },
                        "meta": {},
                        "tainted": false
                    },
                    "deposed": [],
                    "provider": ""
                },
                "aws_security_group.infra_spinnaker": {
                    "type": "aws_security_group",
                    "depends_on": [
                        "aws_vpc.default"
                    ],
                    "primary": {
                        "id": "sg-ee40eb95",
                        "attributes": {
                            "description": "Spinnaker Security group for vpc-57537c30",
                            "egress.#": "0",
                            "id": "sg-ee40eb95",
                            "ingress.#": "0",
                            "name": "INFRA_SPINNAKER",
                            "owner_id": "216436559932",
                            "tags.%": "5",
                            "tags.Name": "INFRA_SPINNAKER",
                            "tags.allocated": "false",
                            "tags.allocated_on": "none",
                            "tags.application": "none",
                            "tags.owner": "none",
                            "vpc_id": "vpc-57537c30"
                        },
                        "meta": {},
                        "tainted": false
                    },
                    "deposed": [],
                    "provider": ""
                },
                "aws_security_group.nat": {
                    "type": "aws_security_group",
                    "depends_on": [
                        "aws_vpc.default"
                    ],
                    "primary": {
                        "id": "sg-1a44ef61",
                        "attributes": {
                            "description": "Security group for nat instances that allows SSH and VPN traffic from internet. Also allows outbound HTTP[S]",
                            "egress.#": "2",
                            "egress.2214680975.cidr_blocks.#": "1",
                            "egress.2214680975.cidr_blocks.0": "0.0.0.0/0",
                            "egress.2214680975.from_port": "80",
                            "egress.2214680975.ipv6_cidr_blocks.#": "0",
                            "egress.2214680975.prefix_list_ids.#": "0",
                            "egress.2214680975.protocol": "tcp",
                            "egress.2214680975.security_groups.#": "0",
                            "egress.2214680975.self": "false",
                            "egress.2214680975.to_port": "80",
                            "egress.2617001939.cidr_blocks.#": "1",
                            "egress.2617001939.cidr_blocks.0": "0.0.0.0/0",
                            "egress.2617001939.from_port": "443",
                            "egress.2617001939.ipv6_cidr_blocks.#": "0",
                            "egress.2617001939.prefix_list_ids.#": "0",
                            "egress.2617001939.protocol": "tcp",
                            "egress.2617001939.security_groups.#": "0",
                            "egress.2617001939.self": "false",
                            "egress.2617001939.to_port": "443",
                            "id": "sg-1a44ef61",
                            "ingress.#": "2",
                            "ingress.2541437006.cidr_blocks.#": "1",
                            "ingress.2541437006.cidr_blocks.0": "0.0.0.0/0",
                            "ingress.2541437006.from_port": "22",
                            "ingress.2541437006.ipv6_cidr_blocks.#": "0",
                            "ingress.2541437006.protocol": "tcp",
                            "ingress.2541437006.security_groups.#": "0",
                            "ingress.2541437006.self": "false",
                            "ingress.2541437006.to_port": "22",
                            "ingress.4178520169.cidr_blocks.#": "1",
                            "ingress.4178520169.cidr_blocks.0": "0.0.0.0/0",
                            "ingress.4178520169.from_port": "1194",
                            "ingress.4178520169.ipv6_cidr_blocks.#": "0",
                            "ingress.4178520169.protocol": "udp",
                            "ingress.4178520169.security_groups.#": "0",
                            "ingress.4178520169.self": "false",
                            "ingress.4178520169.to_port": "1194",
                            "name": "AIC-TEST-example",
                            "owner_id": "216436559932",
                            "tags.%": "1",
                            "tags.Name": "AIC-TEST-example",
                            "vpc_id": "vpc-57537c30"
                        },
                        "meta": {},
                        "tainted": false
                    },
                    "deposed": [],
                    "provider": ""
                },
                "aws_security_group.web": {
                    "type": "aws_security_group",
                    "depends_on": [
                        "aws_vpc.default"
                    ],
                    "primary": {
                        "id": "sg-e85bf093",
                        "attributes": {
                            "description": "Security group for web that allows web traffic from internet",
                            "egress.#": "0",
                            "id": "sg-e85bf093",
                            "ingress.#": "2",
                            "ingress.2214680975.cidr_blocks.#": "1",
                            "ingress.2214680975.cidr_blocks.0": "0.0.0.0/0",
                            "ingress.2214680975.from_port": "80",
                            "ingress.2214680975.ipv6_cidr_blocks.#": "0",
                            "ingress.2214680975.protocol": "tcp",
                            "ingress.2214680975.security_groups.#": "0",
                            "ingress.2214680975.self": "false",
                            "ingress.2214680975.to_port": "80",
                            "ingress.2617001939.cidr_blocks.#": "1",
                            "ingress.2617001939.cidr_blocks.0": "0.0.0.0/0",
                            "ingress.2617001939.from_port": "443",
                            "ingress.2617001939.ipv6_cidr_blocks.#": "0",
                            "ingress.2617001939.protocol": "tcp",
                            "ingress.2617001939.security_groups.#": "0",
                            "ingress.2617001939.self": "false",
                            "ingress.2617001939.to_port": "443",
                            "name": "web-AIC-TEST-example",
                            "owner_id": "216436559932",
                            "tags.%": "1",
                            "tags.Name": "web-AIC-TEST-example",
                            "vpc_id": "vpc-57537c30"
                        },
                        "meta": {},
                        "tainted": false
                    },
                    "deposed": [],
                    "provider": ""
                },
                "aws_subnet.private": {
                    "type": "aws_subnet",
                    "depends_on": [
                        "aws_vpc.default"
                    ],
                    "primary": {
                        "id": "subnet-4689140f",
                        "attributes": {
                            "assign_ipv6_address_on_creation": "false",
                            "availability_zone": "us-west-2a",
                            "cidr_block": "10.128.2.0/24",
                            "id": "subnet-4689140f",
                            "map_public_ip_on_launch": "false",
                            "tags.%": "1",
                            "tags.Name": "private",
                            "vpc_id": "vpc-57537c30"
                        },
                        "meta": {},
                        "tainted": false
                    },
                    "deposed": [],
                    "provider": ""
                },
                "aws_subnet.public": {
                    "type": "aws_subnet",
                    "depends_on": [
                        "aws_internet_gateway.default",
                        "aws_vpc.default"
                    ],
                    "primary": {
                        "id": "subnet-3289147b",
                        "attributes": {
                            "assign_ipv6_address_on_creation": "false",
                            "availability_zone": "us-west-2a",
                            "cidr_block": "10.128.1.0/24",
                            "id": "subnet-3289147b",
                            "map_public_ip_on_launch": "true",
                            "tags.%": "1",
                            "tags.Name": "public",
                            "vpc_id": "vpc-57537c30"
                        },
                        "meta": {},
                        "tainted": false
                    },
                    "deposed": [],
                    "provider": ""
                },
                "aws_vpc.default": {
                    "type": "aws_vpc",
                    "depends_on": [],
                    "primary": {
                        "id": "vpc-57537c30",
                        "attributes": {
                            "assign_generated_ipv6_cidr_block": "false",
                            "cidr_block": "10.128.0.0/16",
                            "default_network_acl_id": "acl-76896810",
                            "default_route_table_id": "rtb-6b05d80d",
                            "default_security_group_id": "sg-0546ed7e",
                            "dhcp_options_id": "dopt-901ebcf7",
                            "enable_classiclink": "false",
                            "enable_dns_hostnames": "true",
                            "enable_dns_support": "true",
                            "id": "vpc-57537c30",
                            "instance_tenancy": "default",
                            "main_route_table_id": "rtb-6b05d80d",
                            "tags.%": "1",
                            "tags.Name": "AIC-TEST-example"
                        },
                        "meta": {},
                        "tainted": false
                    },
                    "deposed": [],
                    "provider": ""
                }
            },
            "depends_on": []
        }
    ]
}
